// !$*UTF8*$!
{
	archiveVersion = 1;
	classes = {
	};
	objectVersion = 56;
	objects = {

/* Begin PBXBuildFile section */
		6FEFAEA62AEBE79400240DF2 /* SwiftUINavigationApp.swift in Sources */ = {isa = PBXBuildFile; fileRef = 6FEFAEA52AEBE79400240DF2 /* SwiftUINavigationApp.swift */; };
		6FEFAEA82AEBE79400240DF2 /* ContentView.swift in Sources */ = {isa = PBXBuildFile; fileRef = 6FEFAEA72AEBE79400240DF2 /* ContentView.swift */; };
		6FEFAEAA2AEBE7A600240DF2 /* Assets.xcassets in Resources */ = {isa = PBXBuildFile; fileRef = 6FEFAEA92AEBE7A600240DF2 /* Assets.xcassets */; };
		6FEFAEAD2AEBE7A600240DF2 /* Preview Assets.xcassets in Resources */ = {isa = PBXBuildFile; fileRef = 6FEFAEAC2AEBE7A600240DF2 /* Preview Assets.xcassets */; };
		6FEFAEB42AEBE86F00240DF2 /* NowPlayingView.swift in Sources */ = {isa = PBXBuildFile; fileRef = 6FEFAEB32AEBE86F00240DF2 /* NowPlayingView.swift */; };
		6FEFAEB62AEBE8A400240DF2 /* MovieView.swift in Sources */ = {isa = PBXBuildFile; fileRef = 6FEFAEB52AEBE8A400240DF2 /* MovieView.swift */; };
		6FEFAEBA2AEBEDF000240DF2 /* TabMovies.swift in Sources */ = {isa = PBXBuildFile; fileRef = 6FEFAEB92AEBEDF000240DF2 /* TabMovies.swift */; };
		6FEFAEBC2AEBEF2000240DF2 /* TabActors.swift in Sources */ = {isa = PBXBuildFile; fileRef = 6FEFAEBB2AEBEF2000240DF2 /* TabActors.swift */; };
		6FEFAEBE2AEBF4F800240DF2 /* ActorsView.swift in Sources */ = {isa = PBXBuildFile; fileRef = 6FEFAEBD2AEBF4F800240DF2 /* ActorsView.swift */; };
		6FEFAEC02AEC01B500240DF2 /* MovieSheet.swift in Sources */ = {isa = PBXBuildFile; fileRef = 6FEFAEBF2AEC01B500240DF2 /* MovieSheet.swift */; };
/* End PBXBuildFile section */

/* Begin PBXFileReference section */
		6FEFAEA22AEBE79400240DF2 /* SwiftUINavigation.app */ = {isa = PBXFileReference; explicitFileType = wrapper.application; includeInIndex = 0; path = SwiftUINavigation.app; sourceTree = BUILT_PRODUCTS_DIR; };
		6FEFAEA52AEBE79400240DF2 /* SwiftUINavigationApp.swift */ = {isa = PBXFileReference; lastKnownFileType = sourcecode.swift; path = SwiftUINavigationApp.swift; sourceTree = "<group>"; };
		6FEFAEA72AEBE79400240DF2 /* ContentView.swift */ = {isa = PBXFileReference; lastKnownFileType = sourcecode.swift; path = ContentView.swift; sourceTree = "<group>"; };
		6FEFAEA92AEBE7A600240DF2 /* Assets.xcassets */ = {isa = PBXFileReference; lastKnownFileType = folder.assetcatalog; path = Assets.xcassets; sourceTree = "<group>"; };
		6FEFAEAC2AEBE7A600240DF2 /* Preview Assets.xcassets */ = {isa = PBXFileReference; lastKnownFileType = folder.assetcatalog; path = "Preview Assets.xcassets"; sourceTree = "<group>"; };
		6FEFAEB32AEBE86F00240DF2 /* NowPlayingView.swift */ = {isa = PBXFileReference; lastKnownFileType = sourcecode.swift; path = NowPlayingView.swift; sourceTree = "<group>"; };
		6FEFAEB52AEBE8A400240DF2 /* MovieView.swift */ = {isa = PBXFileReference; lastKnownFileType = sourcecode.swift; path = MovieView.swift; sourceTree = "<group>"; };
		6FEFAEB92AEBEDF000240DF2 /* TabMovies.swift */ = {isa = PBXFileReference; lastKnownFileType = sourcecode.swift; path = TabMovies.swift; sourceTree = "<group>"; };
		6FEFAEBB2AEBEF2000240DF2 /* TabActors.swift */ = {isa = PBXFileReference; lastKnownFileType = sourcecode.swift; path = TabActors.swift; sourceTree = "<group>"; };
		6FEFAEBD2AEBF4F800240DF2 /* ActorsView.swift */ = {isa = PBXFileReference; lastKnownFileType = sourcecode.swift; path = ActorsView.swift; sourceTree = "<group>"; };
		6FEFAEBF2AEC01B500240DF2 /* MovieSheet.swift */ = {isa = PBXFileReference; lastKnownFileType = sourcecode.swift; path = MovieSheet.swift; sourceTree = "<group>"; };
/* End PBXFileReference section */

/* Begin PBXFrameworksBuildPhase section */
		6FEFAE9F2AEBE79400240DF2 /* Frameworks */ = {
			isa = PBXFrameworksBuildPhase;
			buildActionMask = 2147483647;
			files = (
			);
			runOnlyForDeploymentPostprocessing = 0;
		};
/* End PBXFrameworksBuildPhase section */

/* Begin PBXGroup section */
		6FEFAE992AEBE79400240DF2 = {
			isa = PBXGroup;
			children = (
				6FEFAEA42AEBE79400240DF2 /* SwiftUINavigation */,
				6FEFAEA32AEBE79400240DF2 /* Products */,
			);
			sourceTree = "<group>";
		};
		6FEFAEA32AEBE79400240DF2 /* Products */ = {
			isa = PBXGroup;
			children = (
				6FEFAEA22AEBE79400240DF2 /* SwiftUINavigation.app */,
			);
			name = Products;
			sourceTree = "<group>";
		};
		6FEFAEA42AEBE79400240DF2 /* SwiftUINavigation */ = {
			isa = PBXGroup;
			children = (
				6FEFAEBF2AEC01B500240DF2 /* MovieSheet.swift */,
				6FEFAEBD2AEBF4F800240DF2 /* ActorsView.swift */,
				6FEFAEBB2AEBEF2000240DF2 /* TabActors.swift */,
				6FEFAEB92AEBEDF000240DF2 /* TabMovies.swift */,
				6FEFAEA52AEBE79400240DF2 /* SwiftUINavigationApp.swift */,
				6FEFAEA72AEBE79400240DF2 /* ContentView.swift */,
				6FEFAEB32AEBE86F00240DF2 /* NowPlayingView.swift */,
				6FEFAEB52AEBE8A400240DF2 /* MovieView.swift */,
				6FEFAEA92AEBE7A600240DF2 /* Assets.xcassets */,
				6FEFAEAB2AEBE7A600240DF2 /* Preview Content */,
			);
			path = SwiftUINavigation;
			sourceTree = "<group>";
		};
		6FEFAEAB2AEBE7A600240DF2 /* Preview Content */ = {
			isa = PBXGroup;
			children = (
				6FEFAEAC2AEBE7A600240DF2 /* Preview Assets.xcassets */,
			);
			path = "Preview Content";
			sourceTree = "<group>";
		};
/* End PBXGroup section */

/* Begin PBXNativeTarget section */
		6FEFAEA12AEBE79400240DF2 /* SwiftUINavigation */ = {
			isa = PBXNativeTarget;
			buildConfigurationList = 6FEFAEB02AEBE7A600240DF2 /* Build configuration list for PBXNativeTarget "SwiftUINavigation" */;
			buildPhases = (
				6FEFAE9E2AEBE79400240DF2 /* Sources */,
				6FEFAE9F2AEBE79400240DF2 /* Frameworks */,
				6FEFAEA02AEBE79400240DF2 /* Resources */,
			);
			buildRules = (
			);
			dependencies = (
			);
			name = SwiftUINavigation;
			productName = SwiftUINavigation;
			productReference = 6FEFAEA22AEBE79400240DF2 /* SwiftUINavigation.app */;
			productType = "com.apple.product-type.application";
		};
/* End PBXNativeTarget section */

/* Begin PBXProject section */
		6FEFAE9A2AEBE79400240DF2 /* Project object */ = {
			isa = PBXProject;
			attributes = {
				BuildIndependentTargetsInParallel = 1;
				LastSwiftUpdateCheck = 1500;
				LastUpgradeCheck = 1500;
				TargetAttributes = {
					6FEFAEA12AEBE79400240DF2 = {
						CreatedOnToolsVersion = 15.0;
					};
				};
			};
			buildConfigurationList = 6FEFAE9D2AEBE79400240DF2 /* Build configuration list for PBXProject "SwiftUINavigation" */;
			compatibilityVersion = "Xcode 14.0";
			developmentRegion = en;
			hasScannedForEncodings = 0;
			knownRegions = (
				en,
				Base,
			);
			mainGroup = 6FEFAE992AEBE79400240DF2;
			productRefGroup = 6FEFAEA32AEBE79400240DF2 /* Products */;
			projectDirPath = "";
			projectRoot = "";
			targets = (
				6FEFAEA12AEBE79400240DF2 /* SwiftUINavigation */,
			);
		};
/* End PBXProject section */

/* Begin PBXResourcesBuildPhase section */
		6FEFAEA02AEBE79400240DF2 /* Resources */ = {
			isa = PBXResourcesBuildPhase;
			buildActionMask = 2147483647;
			files = (
				6FEFAEAD2AEBE7A600240DF2 /* Preview Assets.xcassets in Resources */,
				6FEFAEAA2AEBE7A600240DF2 /* Assets.xcassets in Resources */,
			);
			runOnlyForDeploymentPostprocessing = 0;
		};
/* End PBXResourcesBuildPhase section */

/* Begin PBXSourcesBuildPhase section */
		6FEFAE9E2AEBE79400240DF2 /* Sources */ = {
			isa = PBXSourcesBuildPhase;
			buildActionMask = 2147483647;
			files = (
				6FEFAEB42AEBE86F00240DF2 /* NowPlayingView.swift in Sources */,
				6FEFAEBC2AEBEF2000240DF2 /* TabActors.swift in Sources */,
				6FEFAEB62AEBE8A400240DF2 /* MovieView.swift in Sources */,
				6FEFAEBE2AEBF4F800240DF2 /* ActorsView.swift in Sources */,
				6FEFAEC02AEC01B500240DF2 /* MovieSheet.swift in Sources */,
				6FEFAEBA2AEBEDF000240DF2 /* TabMovies.swift in Sources */,
				6FEFAEA82AEBE79400240DF2 /* ContentView.swift in Sources */,
				6FEFAEA62AEBE79400240DF2 /* SwiftUINavigationApp.swift in Sources */,
			);
			runOnlyForDeploymentPostprocessing = 0;
		};
/* End PBXSourcesBuildPhase section */

/* Begin XCBuildConfiguration section */
		6FEFAEAE2AEBE7A600240DF2 /* Debug */ = {
			isa = XCBuildConfiguration;
			buildSettings = {
				ALWAYS_SEARCH_USER_PATHS = NO;
				ASSETCATALOG_COMPILER_GENERATE_SWIFT_ASSET_SYMBOL_EXTENSIONS = YES;
				CLANG_ANALYZER_NONNULL = YES;
				CLANG_ANALYZER_NUMBER_OBJECT_CONVERSION = YES_AGGRESSIVE;
				CLANG_CXX_LANGUAGE_STANDARD = "gnu++20";
				CLANG_ENABLE_MODULES = YES;
				CLANG_ENABLE_OBJC_ARC = YES;
				CLANG_ENABLE_OBJC_WEAK = YES;
				CLANG_WARN_BLOCK_CAPTURE_AUTORELEASING = YES;
				CLANG_WARN_BOOL_CONVERSION = YES;
				CLANG_WARN_COMMA = YES;
				CLANG_WARN_CONSTANT_CONVERSION = YES;
				CLANG_WARN_DEPRECATED_OBJC_IMPLEMENTATIONS = YES;
				CLANG_WARN_DIRECT_OBJC_ISA_USAGE = YES_ERROR;
				CLANG_WARN_DOCUMENTATION_COMMENTS = YES;
				CLANG_WARN_EMPTY_BODY = YES;
				CLANG_WARN_ENUM_CONVERSION = YES;
				CLANG_WARN_INFINITE_RECURSION = YES;
				CLANG_WARN_INT_CONVERSION = YES;
				CLANG_WARN_NON_LITERAL_NULL_CONVERSION = YES;
				CLANG_WARN_OBJC_IMPLICIT_RETAIN_SELF = YES;
				CLANG_WARN_OBJC_LITERAL_CONVERSION = YES;
				CLANG_WARN_OBJC_ROOT_CLASS = YES_ERROR;
				CLANG_WARN_QUOTED_INCLUDE_IN_FRAMEWORK_HEADER = YES;
				CLANG_WARN_RANGE_LOOP_ANALYSIS = YES;
				CLANG_WARN_STRICT_PROTOTYPES = YES;
				CLANG_WARN_SUSPICIOUS_MOVE = YES;
				CLANG_WARN_UNGUARDED_AVAILABILITY = YES_AGGRESSIVE;
				CLANG_WARN_UNREACHABLE_CODE = YES;
				CLANG_WARN__DUPLICATE_METHOD_MATCH = YES;
				COPY_PHASE_STRIP = NO;
				DEBUG_INFORMATION_FORMAT = dwarf;
				ENABLE_STRICT_OBJC_MSGSEND = YES;
				ENABLE_TESTABILITY = YES;
				ENABLE_USER_SCRIPT_SANDBOXING = YES;
				GCC_C_LANGUAGE_STANDARD = gnu17;
				GCC_DYNAMIC_NO_PIC = NO;
				GCC_NO_COMMON_BLOCKS = YES;
				GCC_OPTIMIZATION_LEVEL = 0;
				GCC_PREPROCESSOR_DEFINITIONS = (
					"DEBUG=1",
					"$(inherited)",
				);
				GCC_WARN_64_TO_32_BIT_CONVERSION = YES;
				GCC_WARN_ABOUT_RETURN_TYPE = YES_ERROR;
				GCC_WARN_UNDECLARED_SELECTOR = YES;
				GCC_WARN_UNINITIALIZED_AUTOS = YES_AGGRESSIVE;
				GCC_WARN_UNUSED_FUNCTION = YES;
				GCC_WARN_UNUSED_VARIABLE = YES;
				IPHONEOS_DEPLOYMENT_TARGET = 17.0;
				LOCALIZATION_PREFERS_STRING_CATALOGS = YES;
				MTL_ENABLE_DEBUG_INFO = INCLUDE_SOURCE;
				MTL_FAST_MATH = YES;
				ONLY_ACTIVE_ARCH = YES;
				SDKROOT = iphoneos;
				SWIFT_ACTIVE_COMPILATION_CONDITIONS = "DEBUG $(inherited)";
				SWIFT_OPTIMIZATION_LEVEL = "-Onone";
			};
			name = Debug;
		};
		6FEFAEAF2AEBE7A600240DF2 /* Release */ = {
			isa = XCBuildConfiguration;
			buildSettings = {
				ALWAYS_SEARCH_USER_PATHS = NO;
				ASSETCATALOG_COMPILER_GENERATE_SWIFT_ASSET_SYMBOL_EXTENSIONS = YES;
				CLANG_ANALYZER_NONNULL = YES;
				CLANG_ANALYZER_NUMBER_OBJECT_CONVERSION = YES_AGGRESSIVE;
				CLANG_CXX_LANGUAGE_STANDARD = "gnu++20";
				CLANG_ENABLE_MODULES = YES;
				CLANG_ENABLE_OBJC_ARC = YES;
				CLANG_ENABLE_OBJC_WEAK = YES;
				CLANG_WARN_BLOCK_CAPTURE_AUTORELEASING = YES;
				CLANG_WARN_BOOL_CONVERSION = YES;
				CLANG_WARN_COMMA = YES;
				CLANG_WARN_CONSTANT_CONVERSION = YES;
				CLANG_WARN_DEPRECATED_OBJC_IMPLEMENTATIONS = YES;
				CLANG_WARN_DIRECT_OBJC_ISA_USAGE = YES_ERROR;
				CLANG_WARN_DOCUMENTATION_COMMENTS = YES;
				CLANG_WARN_EMPTY_BODY = YES;
				CLANG_WARN_ENUM_CONVERSION = YES;
				CLANG_WARN_INFINITE_RECURSION = YES;
				CLANG_WARN_INT_CONVERSION = YES;
				CLANG_WARN_NON_LITERAL_NULL_CONVERSION = YES;
				CLANG_WARN_OBJC_IMPLICIT_RETAIN_SELF = YES;
				CLANG_WARN_OBJC_LITERAL_CONVERSION = YES;
				CLANG_WARN_OBJC_ROOT_CLASS = YES_ERROR;
				CLANG_WARN_QUOTED_INCLUDE_IN_FRAMEWORK_HEADER = YES;
				CLANG_WARN_RANGE_LOOP_ANALYSIS = YES;
				CLANG_WARN_STRICT_PROTOTYPES = YES;
				CLANG_WARN_SUSPICIOUS_MOVE = YES;
				CLANG_WARN_UNGUARDED_AVAILABILITY = YES_AGGRESSIVE;
				CLANG_WARN_UNREACHABLE_CODE = YES;
				CLANG_WARN__DUPLICATE_METHOD_MATCH = YES;
				COPY_PHASE_STRIP = NO;
				DEBUG_INFORMATION_FORMAT = "dwarf-with-dsym";
				ENABLE_NS_ASSERTIONS = NO;
				ENABLE_STRICT_OBJC_MSGSEND = YES;
				ENABLE_USER_SCRIPT_SANDBOXING = YES;
				GCC_C_LANGUAGE_STANDARD = gnu17;
				GCC_NO_COMMON_BLOCKS = YES;
				GCC_WARN_64_TO_32_BIT_CONVERSION = YES;
				GCC_WARN_ABOUT_RETURN_TYPE = YES_ERROR;
				GCC_WARN_UNDECLARED_SELECTOR = YES;
				GCC_WARN_UNINITIALIZED_AUTOS = YES_AGGRESSIVE;
				GCC_WARN_UNUSED_FUNCTION = YES;
				GCC_WARN_UNUSED_VARIABLE = YES;
				IPHONEOS_DEPLOYMENT_TARGET = 17.0;
				LOCALIZATION_PREFERS_STRING_CATALOGS = YES;
				MTL_ENABLE_DEBUG_INFO = NO;
				MTL_FAST_MATH = YES;
				SDKROOT = iphoneos;
				SWIFT_COMPILATION_MODE = wholemodule;
				VALIDATE_PRODUCT = YES;
			};
			name = Release;
		};
		6FEFAEB12AEBE7A600240DF2 /* Debug */ = {
			isa = XCBuildConfiguration;
			buildSettings = {
				ASSETCATALOG_COMPILER_APPICON_NAME = AppIcon;
				ASSETCATALOG_COMPILER_GLOBAL_ACCENT_COLOR_NAME = AccentColor;
				CODE_SIGN_STYLE = Automatic;
				CURRENT_PROJECT_VERSION = 1;
				DEVELOPMENT_ASSET_PATHS = "\"SwiftUINavigation/Preview Content\"";
				ENABLE_PREVIEWS = YES;
				GENERATE_INFOPLIST_FILE = YES;
				INFOPLIST_KEY_UIApplicationSceneManifest_Generation = YES;
				INFOPLIST_KEY_UIApplicationSupportsIndirectInputEvents = YES;
				INFOPLIST_KEY_UILaunchScreen_Generation = YES;
				INFOPLIST_KEY_UISupportedInterfaceOrientations_iPad = "UIInterfaceOrientationPortrait UIInterfaceOrientationPortraitUpsideDown UIInterfaceOrientationLandscapeLeft UIInterfaceOrientationLandscapeRight";
				INFOPLIST_KEY_UISupportedInterfaceOrientations_iPhone = "UIInterfaceOrientationPortrait UIInterfaceOrientationLandscapeLeft UIInterfaceOrientationLandscapeRight";
				LD_RUNPATH_SEARCH_PATHS = (
					"$(inherited)",
					"@executable_path/Frameworks",
				);
				MARKETING_VERSION = 1.0;
				PRODUCT_BUNDLE_IDENTIFIER = com.apps.SwiftUINavigation;
				PRODUCT_NAME = "$(TARGET_NAME)";
				SWIFT_EMIT_LOC_STRINGS = YES;
				SWIFT_VERSION = 5.0;
				TARGETED_DEVICE_FAMILY = "1,2";
			};
			name = Debug;
		};
		6FEFAEB22AEBE7A600240DF2 /* Release */ = {
			isa = XCBuildConfiguration;
			buildSettings = {
				ASSETCATALOG_COMPILER_APPICON_NAME = AppIcon;
				ASSETCATALOG_COMPILER_GLOBAL_ACCENT_COLOR_NAME = AccentColor;
				CODE_SIGN_STYLE = Automatic;
				CURRENT_PROJECT_VERSION = 1;
				DEVELOPMENT_ASSET_PATHS = "\"SwiftUINavigation/Preview Content\"";
				ENABLE_PREVIEWS = YES;
				GENERATE_INFOPLIST_FILE = YES;
				INFOPLIST_KEY_UIApplicationSceneManifest_Generation = YES;
				INFOPLIST_KEY_UIApplicationSupportsIndirectInputEvents = YES;
				INFOPLIST_KEY_UILaunchScreen_Generation = YES;
				INFOPLIST_KEY_UISupportedInterfaceOrientations_iPad = "UIInterfaceOrientationPortrait UIInterfaceOrientationPortraitUpsideDown UIInterfaceOrientationLandscapeLeft UIInterfaceOrientationLandscapeRight";
				INFOPLIST_KEY_UISupportedInterfaceOrientations_iPhone = "UIInterfaceOrientationPortrait UIInterfaceOrientationLandscapeLeft UIInterfaceOrientationLandscapeRight";
				LD_RUNPATH_SEARCH_PATHS = (
					"$(inherited)",
					"@executable_path/Frameworks",
				);
				MARKETING_VERSION = 1.0;
				PRODUCT_BUNDLE_IDENTIFIER = com.apps.SwiftUINavigation;
				PRODUCT_NAME = "$(TARGET_NAME)";
				SWIFT_EMIT_LOC_STRINGS = YES;
				SWIFT_VERSION = 5.0;
				TARGETED_DEVICE_FAMILY = "1,2";
			};
			name = Release;
		};
/* End XCBuildConfiguration section */

/* Begin XCConfigurationList section */
		6FEFAE9D2AEBE79400240DF2 /* Build configuration list for PBXProject "SwiftUINavigation" */ = {
			isa = XCConfigurationList;
			buildConfigurations = (
				6FEFAEAE2AEBE7A600240DF2 /* Debug */,
				6FEFAEAF2AEBE7A600240DF2 /* Release */,
			);
			defaultConfigurationIsVisible = 0;
			defaultConfigurationName = Release;
		};
		6FEFAEB02AEBE7A600240DF2 /* Build configuration list for PBXNativeTarget "SwiftUINavigation" */ = {
			isa = XCConfigurationList;
			buildConfigurations = (
				6FEFAEB12AEBE7A600240DF2 /* Debug */,
				6FEFAEB22AEBE7A600240DF2 /* Release */,
			);
			defaultConfigurationIsVisible = 0;
			defaultConfigurationName = Release;
		};
/* End XCConfigurationList section */
	};
	rootObject = 6FEFAE9A2AEBE79400240DF2 /* Project object */;
}
